// !$*UTF8*$!
{
	archiveVersion = 1;
	classes = {
	};
	objectVersion = 46;
	objects = {

/* Begin PBXBuildFile section */
		DCBA16FF1BE4534D00115CB2 /* AppDelegate.swift in Sources */ = {isa = PBXBuildFile; fileRef = DCBA16FE1BE4534D00115CB2 /* AppDelegate.swift */; };
		DCBA17041BE4534D00115CB2 /* Main.storyboard in Resources */ = {isa = PBXBuildFile; fileRef = DCBA17021BE4534D00115CB2 /* Main.storyboard */; };
		DCBA17061BE4534D00115CB2 /* Assets.xcassets in Resources */ = {isa = PBXBuildFile; fileRef = DCBA17051BE4534D00115CB2 /* Assets.xcassets */; };
		DCBA17091BE4534D00115CB2 /* LaunchScreen.storyboard in Resources */ = {isa = PBXBuildFile; fileRef = DCBA17071BE4534D00115CB2 /* LaunchScreen.storyboard */; };
		DCBA17111BE45A8100115CB2 /* ListPostVC.swift in Sources */ = {isa = PBXBuildFile; fileRef = DCBA17101BE45A8100115CB2 /* ListPostVC.swift */; };
		DCBA17131BE45B3200115CB2 /* PostCell.swift in Sources */ = {isa = PBXBuildFile; fileRef = DCBA17121BE45B3200115CB2 /* PostCell.swift */; };
		DCBA17151BE45EEB00115CB2 /* Post.swift in Sources */ = {isa = PBXBuildFile; fileRef = DCBA17141BE45EEB00115CB2 /* Post.swift */; };
		DCBA171C1BE49C1500115CB2 /* DetailPostVC.swift in Sources */ = {isa = PBXBuildFile; fileRef = DCBA171B1BE49C1500115CB2 /* DetailPostVC.swift */; };
		DCBA171E1BE49CD800115CB2 /* NewPostVC.swift in Sources */ = {isa = PBXBuildFile; fileRef = DCBA171D1BE49CD800115CB2 /* NewPostVC.swift */; };
		DCBA17201BE4A54E00115CB2 /* DataService.swift in Sources */ = {isa = PBXBuildFile; fileRef = DCBA171F1BE4A54E00115CB2 /* DataService.swift */; };
		DCBA17221BE4B05500115CB2 /* PostImageVC.swift in Sources */ = {isa = PBXBuildFile; fileRef = DCBA17211BE4B05500115CB2 /* PostImageVC.swift */; };
/* End PBXBuildFile section */

/* Begin PBXFileReference section */
		DCBA16FB1BE4534D00115CB2 /* mon voisinage.app */ = {isa = PBXFileReference; explicitFileType = wrapper.application; includeInIndex = 0; path = "mon voisinage.app"; sourceTree = BUILT_PRODUCTS_DIR; };
		DCBA16FE1BE4534D00115CB2 /* AppDelegate.swift */ = {isa = PBXFileReference; lastKnownFileType = sourcecode.swift; path = AppDelegate.swift; sourceTree = "<group>"; };
		DCBA17031BE4534D00115CB2 /* Base */ = {isa = PBXFileReference; lastKnownFileType = file.storyboard; name = Base; path = Base.lproj/Main.storyboard; sourceTree = "<group>"; };
		DCBA17051BE4534D00115CB2 /* Assets.xcassets */ = {isa = PBXFileReference; lastKnownFileType = folder.assetcatalog; path = Assets.xcassets; sourceTree = "<group>"; };
		DCBA17081BE4534D00115CB2 /* Base */ = {isa = PBXFileReference; lastKnownFileType = file.storyboard; name = Base; path = Base.lproj/LaunchScreen.storyboard; sourceTree = "<group>"; };
		DCBA170A1BE4534D00115CB2 /* Info.plist */ = {isa = PBXFileReference; lastKnownFileType = text.plist.xml; path = Info.plist; sourceTree = "<group>"; };
		DCBA17101BE45A8100115CB2 /* ListPostVC.swift */ = {isa = PBXFileReference; fileEncoding = 4; lastKnownFileType = sourcecode.swift; path = ListPostVC.swift; sourceTree = "<group>"; };
		DCBA17121BE45B3200115CB2 /* PostCell.swift */ = {isa = PBXFileReference; fileEncoding = 4; lastKnownFileType = sourcecode.swift; path = PostCell.swift; sourceTree = "<group>"; };
		DCBA17141BE45EEB00115CB2 /* Post.swift */ = {isa = PBXFileReference; fileEncoding = 4; lastKnownFileType = sourcecode.swift; path = Post.swift; sourceTree = "<group>"; };
		DCBA171B1BE49C1500115CB2 /* DetailPostVC.swift */ = {isa = PBXFileReference; fileEncoding = 4; lastKnownFileType = sourcecode.swift; path = DetailPostVC.swift; sourceTree = "<group>"; };
		DCBA171D1BE49CD800115CB2 /* NewPostVC.swift */ = {isa = PBXFileReference; fileEncoding = 4; lastKnownFileType = sourcecode.swift; path = NewPostVC.swift; sourceTree = "<group>"; };
		DCBA171F1BE4A54E00115CB2 /* DataService.swift */ = {isa = PBXFileReference; fileEncoding = 4; lastKnownFileType = sourcecode.swift; path = DataService.swift; sourceTree = "<group>"; };
		DCBA17211BE4B05500115CB2 /* PostImageVC.swift */ = {isa = PBXFileReference; fileEncoding = 4; lastKnownFileType = sourcecode.swift; path = PostImageVC.swift; sourceTree = "<group>"; };
/* End PBXFileReference section */

/* Begin PBXFrameworksBuildPhase section */
		DCBA16F81BE4534D00115CB2 /* Frameworks */ = {
			isa = PBXFrameworksBuildPhase;
			buildActionMask = 2147483647;
			files = (
			);
			runOnlyForDeploymentPostprocessing = 0;
		};
/* End PBXFrameworksBuildPhase section */

/* Begin PBXGroup section */
		DCBA16F21BE4534D00115CB2 = {
			isa = PBXGroup;
			children = (
				DCBA16FD1BE4534D00115CB2 /* mon voisinage */,
				DCBA16FC1BE4534D00115CB2 /* Products */,
			);
			sourceTree = "<group>";
		};
		DCBA16FC1BE4534D00115CB2 /* Products */ = {
			isa = PBXGroup;
			children = (
				DCBA16FB1BE4534D00115CB2 /* mon voisinage.app */,
			);
			name = Products;
			sourceTree = "<group>";
		};
		DCBA16FD1BE4534D00115CB2 /* mon voisinage */ = {
			isa = PBXGroup;
			children = (
				DCBA17181BE49BE500115CB2 /* controller */,
				DCBA17171BE49BD600115CB2 /* view */,
				DCBA17161BE49BCE00115CB2 /* model */,
				DCBA16FE1BE4534D00115CB2 /* AppDelegate.swift */,
				DCBA17021BE4534D00115CB2 /* Main.storyboard */,
				DCBA17051BE4534D00115CB2 /* Assets.xcassets */,
				DCBA17071BE4534D00115CB2 /* LaunchScreen.storyboard */,
				DCBA170A1BE4534D00115CB2 /* Info.plist */,
				DCBA171F1BE4A54E00115CB2 /* DataService.swift */,
			);
			path = "mon voisinage";
			sourceTree = "<group>";
		};
		DCBA17161BE49BCE00115CB2 /* model */ = {
			isa = PBXGroup;
			children = (
				DCBA17141BE45EEB00115CB2 /* Post.swift */,
			);
			name = model;
			sourceTree = "<group>";
		};
		DCBA17171BE49BD600115CB2 /* view */ = {
			isa = PBXGroup;
			children = (
				DCBA17121BE45B3200115CB2 /* PostCell.swift */,
			);
			name = view;
			sourceTree = "<group>";
		};
		DCBA17181BE49BE500115CB2 /* controller */ = {
			isa = PBXGroup;
			children = (
				DCBA17101BE45A8100115CB2 /* ListPostVC.swift */,
				DCBA171B1BE49C1500115CB2 /* DetailPostVC.swift */,
				DCBA171D1BE49CD800115CB2 /* NewPostVC.swift */,
				DCBA17211BE4B05500115CB2 /* PostImageVC.swift */,
			);
			name = controller;
			sourceTree = "<group>";
		};
/* End PBXGroup section */

/* Begin PBXNativeTarget section */
		DCBA16FA1BE4534D00115CB2 /* mon voisinage */ = {
			isa = PBXNativeTarget;
			buildConfigurationList = DCBA170D1BE4534D00115CB2 /* Build configuration list for PBXNativeTarget "mon voisinage" */;
			buildPhases = (
				DCBA16F71BE4534D00115CB2 /* Sources */,
				DCBA16F81BE4534D00115CB2 /* Frameworks */,
				DCBA16F91BE4534D00115CB2 /* Resources */,
			);
			buildRules = (
			);
			dependencies = (
			);
			name = "mon voisinage";
			productName = "mon voisinage";
			productReference = DCBA16FB1BE4534D00115CB2 /* mon voisinage.app */;
			productType = "com.apple.product-type.application";
		};
/* End PBXNativeTarget section */

/* Begin PBXProject section */
		DCBA16F31BE4534D00115CB2 /* Project object */ = {
			isa = PBXProject;
			attributes = {
				LastSwiftUpdateCheck = 0710;
				LastUpgradeCheck = 0710;
				ORGANIZATIONNAME = Kersuzan;
				TargetAttributes = {
					DCBA16FA1BE4534D00115CB2 = {
						CreatedOnToolsVersion = 7.1;
					};
				};
			};
			buildConfigurationList = DCBA16F61BE4534D00115CB2 /* Build configuration list for PBXProject "mon voisinage" */;
			compatibilityVersion = "Xcode 3.2";
			developmentRegion = English;
			hasScannedForEncodings = 0;
			knownRegions = (
				en,
				Base,
			);
			mainGroup = DCBA16F21BE4534D00115CB2;
			productRefGroup = DCBA16FC1BE4534D00115CB2 /* Products */;
			projectDirPath = "";
			projectRoot = "";
			targets = (
				DCBA16FA1BE4534D00115CB2 /* mon voisinage */,
			);
		};
/* End PBXProject section */

/* Begin PBXResourcesBuildPhase section */
		DCBA16F91BE4534D00115CB2 /* Resources */ = {
			isa = PBXResourcesBuildPhase;
			buildActionMask = 2147483647;
			files = (
				DCBA17091BE4534D00115CB2 /* LaunchScreen.storyboard in Resources */,
				DCBA17061BE4534D00115CB2 /* Assets.xcassets in Resources */,
				DCBA17041BE4534D00115CB2 /* Main.storyboard in Resources */,
			);
			runOnlyForDeploymentPostprocessing = 0;
		};
/* End PBXResourcesBuildPhase section */

/* Begin PBXSourcesBuildPhase section */
		DCBA16F71BE4534D00115CB2 /* Sources */ = {
			isa = PBXSourcesBuildPhase;
			buildActionMask = 2147483647;
			files = (
				DCBA17111BE45A8100115CB2 /* ListPostVC.swift in Sources */,
				DCBA17201BE4A54E00115CB2 /* DataService.swift in Sources */,
				DCBA171E1BE49CD800115CB2 /* NewPostVC.swift in Sources */,
				DCBA17131BE45B3200115CB2 /* PostCell.swift in Sources */,
				DCBA171C1BE49C1500115CB2 /* DetailPostVC.swift in Sources */,
				DCBA16FF1BE4534D00115CB2 /* AppDelegate.swift in Sources */,
				DCBA17221BE4B05500115CB2 /* PostImageVC.swift in Sources */,
				DCBA17151BE45EEB00115CB2 /* Post.swift in Sources */,
			);
			runOnlyForDeploymentPostprocessing = 0;
		};
/* End PBXSourcesBuildPhase section */

/* Begin PBXVariantGroup section */
		DCBA17021BE4534D00115CB2 /* Main.storyboard */ = {
			isa = PBXVariantGroup;
			children = (
				DCBA17031BE4534D00115CB2 /* Base */,
			);
			name = Main.storyboard;
			sourceTree = "<group>";
		};
		DCBA17071BE4534D00115CB2 /* LaunchScreen.storyboard */ = {
			isa = PBXVariantGroup;
			children = (
				DCBA17081BE4534D00115CB2 /* Base */,
			);
			name = LaunchScreen.storyboard;
			sourceTree = "<group>";
		};
/* End PBXVariantGroup section */

/* Begin XCBuildConfiguration section */
		DCBA170B1BE4534D00115CB2 /* Debug */ = {
			isa = XCBuildConfiguration;
			buildSettings = {
				ALWAYS_SEARCH_USER_PATHS = NO;
				CLANG_CXX_LANGUAGE_STANDARD = "gnu++0x";
				CLANG_CXX_LIBRARY = "libc++";
				CLANG_ENABLE_MODULES = YES;
				CLANG_ENABLE_OBJC_ARC = YES;
				CLANG_WARN_BOOL_CONVERSION = YES;
				CLANG_WARN_CONSTANT_CONVERSION = YES;
				CLANG_WARN_DIRECT_OBJC_ISA_USAGE = YES_ERROR;
				CLANG_WARN_EMPTY_BODY = YES;
				CLANG_WARN_ENUM_CONVERSION = YES;
				CLANG_WARN_INT_CONVERSION = YES;
				CLANG_WARN_OBJC_ROOT_CLASS = YES_ERROR;
				CLANG_WARN_UNREACHABLE_CODE = YES;
				CLANG_WARN__DUPLICATE_METHOD_MATCH = YES;
				"CODE_SIGN_IDENTITY[sdk=iphoneos*]" = "iPhone Developer";
				COPY_PHASE_STRIP = NO;
				DEBUG_INFORMATION_FORMAT = dwarf;
				ENABLE_STRICT_OBJC_MSGSEND = YES;
				ENABLE_TESTABILITY = YES;
				GCC_C_LANGUAGE_STANDARD = gnu99;
				GCC_DYNAMIC_NO_PIC = NO;
				GCC_NO_COMMON_BLOCKS = YES;
				GCC_OPTIMIZATION_LEVEL = 0;
				GCC_PREPROCESSOR_DEFINITIONS = (
					"DEBUG=1",
					"$(inherited)",
				);
				GCC_WARN_64_TO_32_BIT_CONVERSION = YES;
				GCC_WARN_ABOUT_RETURN_TYPE = YES_ERROR;
				GCC_WARN_UNDECLARED_SELECTOR = YES;
				GCC_WARN_UNINITIALIZED_AUTOS = YES_AGGRESSIVE;
				GCC_WARN_UNUSED_FUNCTION = YES;
				GCC_WARN_UNUSED_VARIABLE = YES;
				IPHONEOS_DEPLOYMENT_TARGET = 9.1;
				MTL_ENABLE_DEBUG_INFO = YES;
				ONLY_ACTIVE_ARCH = YES;
				SDKROOT = iphoneos;
				SWIFT_OPTIMIZATION_LEVEL = "-Onone";
				TARGETED_DEVICE_FAMILY = "1,2";
			};
			name = Debug;
		};
		DCBA170C1BE4534D00115CB2 /* Release */ = {
			isa = XCBuildConfiguration;
			buildSettings = {
				ALWAYS_SEARCH_USER_PATHS = NO;
				CLANG_CXX_LANGUAGE_STANDARD = "gnu++0x";
				CLANG_CXX_LIBRARY = "libc++";
				CLANG_ENABLE_MODULES = YES;
				CLANG_ENABLE_OBJC_ARC = YES;
				CLANG_WARN_BOOL_CONVERSION = YES;
				CLANG_WARN_CONSTANT_CONVERSION = YES;
				CLANG_WARN_DIRECT_OBJC_ISA_USAGE = YES_ERROR;
				CLANG_WARN_EMPTY_BODY = YES;
				CLANG_WARN_ENUM_CONVERSION = YES;
				CLANG_WARN_INT_CONVERSION = YES;
				CLANG_WARN_OBJC_ROOT_CLASS = YES_ERROR;
				CLANG_WARN_UNREACHABLE_CODE = YES;
				CLANG_WARN__DUPLICATE_METHOD_MATCH = YES;
				"CODE_SIGN_IDENTITY[sdk=iphoneos*]" = "iPhone Developer";
				COPY_PHASE_STRIP = NO;
				DEBUG_INFORMATION_FORMAT = "dwarf-with-dsym";
				ENABLE_NS_ASSERTIONS = NO;
				ENABLE_STRICT_OBJC_MSGSEND = YES;
				GCC_C_LANGUAGE_STANDARD = gnu99;
				GCC_NO_COMMON_BLOCKS = YES;
				GCC_WARN_64_TO_32_BIT_CONVERSION = YES;
				GCC_WARN_ABOUT_RETURN_TYPE = YES_ERROR;
				GCC_WARN_UNDECLARED_SELECTOR = YES;
				GCC_WARN_UNINITIALIZED_AUTOS = YES_AGGRESSIVE;
				GCC_WARN_UNUSED_FUNCTION = YES;
				GCC_WARN_UNUSED_VARIABLE = YES;
				IPHONEOS_DEPLOYMENT_TARGET = 9.1;
				MTL_ENABLE_DEBUG_INFO = NO;
				SDKROOT = iphoneos;
				TARGETED_DEVICE_FAMILY = "1,2";
				VALIDATE_PRODUCT = YES;
			};
			name = Release;
		};
		DCBA170E1BE4534D00115CB2 /* Debug */ = {
			isa = XCBuildConfiguration;
			buildSettings = {
				ASSETCATALOG_COMPILER_APPICON_NAME = AppIcon;
				INFOPLIST_FILE = "mon voisinage/Info.plist";
				LD_RUNPATH_SEARCH_PATHS = "$(inherited) @executable_path/Frameworks";
				PRODUCT_BUNDLE_IDENTIFIER = "com.kersuzan.mon-voisinage";
				PRODUCT_NAME = "$(TARGET_NAME)";
			};
			name = Debug;
		};
		DCBA170F1BE4534D00115CB2 /* Release */ = {
			isa = XCBuildConfiguration;
			buildSettings = {
				ASSETCATALOG_COMPILER_APPICON_NAME = AppIcon;
				INFOPLIST_FILE = "mon voisinage/Info.plist";
				LD_RUNPATH_SEARCH_PATHS = "$(inherited) @executable_path/Frameworks";
				PRODUCT_BUNDLE_IDENTIFIER = "com.kersuzan.mon-voisinage";
				PRODUCT_NAME = "$(TARGET_NAME)";
			};
			name = Release;
		};
/* End XCBuildConfiguration section */

/* Begin XCConfigurationList section */
		DCBA16F61BE4534D00115CB2 /* Build configuration list for PBXProject "mon voisinage" */ = {
			isa = XCConfigurationList;
			buildConfigurations = (
				DCBA170B1BE4534D00115CB2 /* Debug */,
				DCBA170C1BE4534D00115CB2 /* Release */,
			);
			defaultConfigurationIsVisible = 0;
			defaultConfigurationName = Release;
		};
		DCBA170D1BE4534D00115CB2 /* Build configuration list for PBXNativeTarget "mon voisinage" */ = {
			isa = XCConfigurationList;
			buildConfigurations = (
				DCBA170E1BE4534D00115CB2 /* Debug */,
				DCBA170F1BE4534D00115CB2 /* Release */,
			);
			defaultConfigurationIsVisible = 0;
		};
/* End XCConfigurationList section */
	};
	rootObject = DCBA16F31BE4534D00115CB2 /* Project object */;
}
